// !$*UTF8*$!
{
	archiveVersion = 1;
	classes = {
	};
	objectVersion = 46;
	objects = {

/* Begin PBXBuildFile section */
		AF9914761E826523004F5A9F /* main.m in Sources */ = {isa = PBXBuildFile; fileRef = AF9914751E826523004F5A9F /* main.m */; };
		AF9914791E826523004F5A9F /* AppDelegate.m in Sources */ = {isa = PBXBuildFile; fileRef = AF9914781E826523004F5A9F /* AppDelegate.m */; };
		AF99147C1E826523004F5A9F /* ViewController.m in Sources */ = {isa = PBXBuildFile; fileRef = AF99147B1E826523004F5A9F /* ViewController.m */; };
		AF99147F1E826523004F5A9F /* Main.storyboard in Resources */ = {isa = PBXBuildFile; fileRef = AF99147D1E826523004F5A9F /* Main.storyboard */; };
		AF9914811E826523004F5A9F /* Assets.xcassets in Resources */ = {isa = PBXBuildFile; fileRef = AF9914801E826523004F5A9F /* Assets.xcassets */; };
		AF9914841E826523004F5A9F /* LaunchScreen.storyboard in Resources */ = {isa = PBXBuildFile; fileRef = AF9914821E826523004F5A9F /* LaunchScreen.storyboard */; };
/* End PBXBuildFile section */

/* Begin PBXFileReference section */
		AF9914711E826523004F5A9F /* HYYXMChat.app */ = {isa = PBXFileReference; explicitFileType = wrapper.application; includeInIndex = 0; path = HYYXMChat.app; sourceTree = BUILT_PRODUCTS_DIR; };
		AF9914751E826523004F5A9F /* main.m */ = {isa = PBXFileReference; lastKnownFileType = sourcecode.c.objc; path = main.m; sourceTree = "<group>"; };
		AF9914771E826523004F5A9F /* AppDelegate.h */ = {isa = PBXFileReference; lastKnownFileType = sourcecode.c.h; path = AppDelegate.h; sourceTree = "<group>"; };
		AF9914781E826523004F5A9F /* AppDelegate.m */ = {isa = PBXFileReference; lastKnownFileType = sourcecode.c.objc; path = AppDelegate.m; sourceTree = "<group>"; };
		AF99147A1E826523004F5A9F /* ViewController.h */ = {isa = PBXFileReference; lastKnownFileType = sourcecode.c.h; path = ViewController.h; sourceTree = "<group>"; };
		AF99147B1E826523004F5A9F /* ViewController.m */ = {isa = PBXFileReference; lastKnownFileType = sourcecode.c.objc; path = ViewController.m; sourceTree = "<group>"; };
		AF99147E1E826523004F5A9F /* Base */ = {isa = PBXFileReference; lastKnownFileType = file.storyboard; name = Base; path = Base.lproj/Main.storyboard; sourceTree = "<group>"; };
		AF9914801E826523004F5A9F /* Assets.xcassets */ = {isa = PBXFileReference; lastKnownFileType = folder.assetcatalog; path = Assets.xcassets; sourceTree = "<group>"; };
		AF9914831E826523004F5A9F /* Base */ = {isa = PBXFileReference; lastKnownFileType = file.storyboard; name = Base; path = Base.lproj/LaunchScreen.storyboard; sourceTree = "<group>"; };
		AF9914851E826523004F5A9F /* Info.plist */ = {isa = PBXFileReference; lastKnownFileType = text.plist.xml; path = Info.plist; sourceTree = "<group>"; };
/* End PBXFileReference section */

/* Begin PBXFrameworksBuildPhase section */
		AF99146E1E826523004F5A9F /* Frameworks */ = {
			isa = PBXFrameworksBuildPhase;
			buildActionMask = 2147483647;
			files = (
			);
			runOnlyForDeploymentPostprocessing = 0;
		};
/* End PBXFrameworksBuildPhase section */

/* Begin PBXGroup section */
		AF9914681E826523004F5A9F = {
			isa = PBXGroup;
			children = (
				AF9914731E826523004F5A9F /* HYYXMChat */,
				AF9914721E826523004F5A9F /* Products */,
			);
			sourceTree = "<group>";
		};
		AF9914721E826523004F5A9F /* Products */ = {
			isa = PBXGroup;
			children = (
				AF9914711E826523004F5A9F /* HYYXMChat.app */,
			);
			name = Products;
			sourceTree = "<group>";
		};
		AF9914731E826523004F5A9F /* HYYXMChat */ = {
			isa = PBXGroup;
			children = (
				AF9914771E826523004F5A9F /* AppDelegate.h */,
				AF9914781E826523004F5A9F /* AppDelegate.m */,
				AF99147A1E826523004F5A9F /* ViewController.h */,
				AF99147B1E826523004F5A9F /* ViewController.m */,
				AF99147D1E826523004F5A9F /* Main.storyboard */,
				AF9914801E826523004F5A9F /* Assets.xcassets */,
				AF9914821E826523004F5A9F /* LaunchScreen.storyboard */,
				AF9914851E826523004F5A9F /* Info.plist */,
				AF9914741E826523004F5A9F /* Supporting Files */,
			);
			path = HYYXMChat;
			sourceTree = "<group>";
		};
		AF9914741E826523004F5A9F /* Supporting Files */ = {
			isa = PBXGroup;
			children = (
				AF9914751E826523004F5A9F /* main.m */,
			);
			name = "Supporting Files";
			sourceTree = "<group>";
		};
/* End PBXGroup section */

/* Begin PBXNativeTarget section */
		AF9914701E826523004F5A9F /* HYYXMChat */ = {
			isa = PBXNativeTarget;
			buildConfigurationList = AF9914881E826523004F5A9F /* Build configuration list for PBXNativeTarget "HYYXMChat" */;
			buildPhases = (
				AF99146D1E826523004F5A9F /* Sources */,
				AF99146E1E826523004F5A9F /* Frameworks */,
				AF99146F1E826523004F5A9F /* Resources */,
			);
			buildRules = (
			);
			dependencies = (
			);
			name = HYYXMChat;
			productName = HYYXMChat;
			productReference = AF9914711E826523004F5A9F /* HYYXMChat.app */;
			productType = "com.apple.product-type.application";
		};
/* End PBXNativeTarget section */

/* Begin PBXProject section */
		AF9914691E826523004F5A9F /* Project object */ = {
			isa = PBXProject;
			attributes = {
				LastUpgradeCheck = 0820;
				ORGANIZATIONNAME = abc_show;
				TargetAttributes = {
					AF9914701E826523004F5A9F = {
						CreatedOnToolsVersion = 8.2.1;
						ProvisioningStyle = Automatic;
					};
				};
			};
			buildConfigurationList = AF99146C1E826523004F5A9F /* Build configuration list for PBXProject "HYYXMChat" */;
			compatibilityVersion = "Xcode 3.2";
			developmentRegion = English;
			hasScannedForEncodings = 0;
			knownRegions = (
				en,
				Base,
			);
			mainGroup = AF9914681E826523004F5A9F;
			productRefGroup = AF9914721E826523004F5A9F /* Products */;
			projectDirPath = "";
			projectRoot = "";
			targets = (
				AF9914701E826523004F5A9F /* HYYXMChat */,
			);
		};
/* End PBXProject section */

/* Begin PBXResourcesBuildPhase section */
		AF99146F1E826523004F5A9F /* Resources */ = {
			isa = PBXResourcesBuildPhase;
			buildActionMask = 2147483647;
			files = (
				AF9914841E826523004F5A9F /* LaunchScreen.storyboard in Resources */,
				AF9914811E826523004F5A9F /* Assets.xcassets in Resources */,
				AF99147F1E826523004F5A9F /* Main.storyboard in Resources */,
			);
			runOnlyForDeploymentPostprocessing = 0;
		};
/* End PBXResourcesBuildPhase section */

/* Begin PBXSourcesBuildPhase section */
		AF99146D1E826523004F5A9F /* Sources */ = {
			isa = PBXSourcesBuildPhase;
			buildActionMask = 2147483647;
			files = (
				AF99147C1E826523004F5A9F /* ViewController.m in Sources */,
				AF9914791E826523004F5A9F /* AppDelegate.m in Sources */,
				AF9914761E826523004F5A9F /* main.m in Sources */,
			);
			runOnlyForDeploymentPostprocessing = 0;
		};
/* End PBXSourcesBuildPhase section */

/* Begin PBXVariantGroup section */
		AF99147D1E826523004F5A9F /* Main.storyboard */ = {
			isa = PBXVariantGroup;
			children = (
				AF99147E1E826523004F5A9F /* Base */,
			);
			name = Main.storyboard;
			sourceTree = "<group>";
		};
		AF9914821E826523004F5A9F /* LaunchScreen.storyboard */ = {
			isa = PBXVariantGroup;
			children = (
				AF9914831E826523004F5A9F /* Base */,
			);
			name = LaunchScreen.storyboard;
			sourceTree = "<group>";
		};
/* End PBXVariantGroup section */

/* Begin XCBuildConfiguration section */
		AF9914861E826523004F5A9F /* Debug */ = {
			isa = XCBuildConfiguration;
			buildSettings = {
				ALWAYS_SEARCH_USER_PATHS = NO;
				CLANG_ANALYZER_NONNULL = YES;
				CLANG_CXX_LANGUAGE_STANDARD = "gnu++0x";
				CLANG_CXX_LIBRARY = "libc++";
				CLANG_ENABLE_MODULES = YES;
				CLANG_ENABLE_OBJC_ARC = YES;
				CLANG_WARN_BOOL_CONVERSION = YES;
				CLANG_WARN_CONSTANT_CONVERSION = YES;
				CLANG_WARN_DIRECT_OBJC_ISA_USAGE = YES_ERROR;
				CLANG_WARN_DOCUMENTATION_COMMENTS = YES;
				CLANG_WARN_EMPTY_BODY = YES;
				CLANG_WARN_ENUM_CONVERSION = YES;
				CLANG_WARN_INFINITE_RECURSION = YES;
				CLANG_WARN_INT_CONVERSION = YES;
				CLANG_WARN_OBJC_ROOT_CLASS = YES_ERROR;
				CLANG_WARN_SUSPICIOUS_MOVE = YES;
				CLANG_WARN_UNREACHABLE_CODE = YES;
				CLANG_WARN__DUPLICATE_METHOD_MATCH = YES;
				"CODE_SIGN_IDENTITY[sdk=iphoneos*]" = "iPhone Developer";
				COPY_PHASE_STRIP = NO;
				DEBUG_INFORMATION_FORMAT = dwarf;
				ENABLE_STRICT_OBJC_MSGSEND = YES;
				ENABLE_TESTABILITY = YES;
				GCC_C_LANGUAGE_STANDARD = gnu99;
				GCC_DYNAMIC_NO_PIC = NO;
				GCC_NO_COMMON_BLOCKS = YES;
				GCC_OPTIMIZATION_LEVEL = 0;
				GCC_PREPROCESSOR_DEFINITIONS = (
					"DEBUG=1",
					"$(inherited)",
				);
				GCC_WARN_64_TO_32_BIT_CONVERSION = YES;
				GCC_WARN_ABOUT_RETURN_TYPE = YES_ERROR;
				GCC_WARN_UNDECLARED_SELECTOR = YES;
				GCC_WARN_UNINITIALIZED_AUTOS = YES_AGGRESSIVE;
				GCC_WARN_UNUSED_FUNCTION = YES;
				GCC_WARN_UNUSED_VARIABLE = YES;
				IPHONEOS_DEPLOYMENT_TARGET = 10.2;
				MTL_ENABLE_DEBUG_INFO = YES;
				ONLY_ACTIVE_ARCH = YES;
				SDKROOT = iphoneos;
			};
			name = Debug;
		};
		AF9914871E826523004F5A9F /* Release */ = {
			isa = XCBuildConfiguration;
			buildSettings = {
				ALWAYS_SEARCH_USER_PATHS = NO;
				CLANG_ANALYZER_NONNULL = YES;
				CLANG_CXX_LANGUAGE_STANDARD = "gnu++0x";
				CLANG_CXX_LIBRARY = "libc++";
				CLANG_ENABLE_MODULES = YES;
				CLANG_ENABLE_OBJC_ARC = YES;
				CLANG_WARN_BOOL_CONVERSION = YES;
				CLANG_WARN_CONSTANT_CONVERSION = YES;
				CLANG_WARN_DIRECT_OBJC_ISA_USAGE = YES_ERROR;
				CLANG_WARN_DOCUMENTATION_COMMENTS = YES;
				CLANG_WARN_EMPTY_BODY = YES;
				CLANG_WARN_ENUM_CONVERSION = YES;
				CLANG_WARN_INFINITE_RECURSION = YES;
				CLANG_WARN_INT_CONVERSION = YES;
				CLANG_WARN_OBJC_ROOT_CLASS = YES_ERROR;
				CLANG_WARN_SUSPICIOUS_MOVE = YES;
				CLANG_WARN_UNREACHABLE_CODE = YES;
				CLANG_WARN__DUPLICATE_METHOD_MATCH = YES;
				"CODE_SIGN_IDENTITY[sdk=iphoneos*]" = "iPhone Developer";
				COPY_PHASE_STRIP = NO;
				DEBUG_INFORMATION_FORMAT = "dwarf-with-dsym";
				ENABLE_NS_ASSERTIONS = NO;
				ENABLE_STRICT_OBJC_MSGSEND = YES;
				GCC_C_LANGUAGE_STANDARD = gnu99;
				GCC_NO_COMMON_BLOCKS = YES;
				GCC_WARN_64_TO_32_BIT_CONVERSION = YES;
				GCC_WARN_ABOUT_RETURN_TYPE = YES_ERROR;
				GCC_WARN_UNDECLARED_SELECTOR = YES;
				GCC_WARN_UNINITIALIZED_AUTOS = YES_AGGRESSIVE;
				GCC_WARN_UNUSED_FUNCTION = YES;
				GCC_WARN_UNUSED_VARIABLE = YES;
				IPHONEOS_DEPLOYMENT_TARGET = 10.2;
				MTL_ENABLE_DEBUG_INFO = NO;
				SDKROOT = iphoneos;
				VALIDATE_PRODUCT = YES;
			};
			name = Release;
		};
		AF9914891E826523004F5A9F /* Debug */ = {
			isa = XCBuildConfiguration;
			buildSettings = {
				ASSETCATALOG_COMPILER_APPICON_NAME = AppIcon;
				INFOPLIST_FILE = HYYXMChat/Info.plist;
				IPHONEOS_DEPLOYMENT_TARGET = 9.0;
				LD_RUNPATH_SEARCH_PATHS = "$(inherited) @executable_path/Frameworks";
				PRODUCT_BUNDLE_IDENTIFIER = "com.abc-show.HYYXMChat";
				PRODUCT_NAME = "$(TARGET_NAME)";
			};
			name = Debug;
		};
		AF99148A1E826523004F5A9F /* Release */ = {
			isa = XCBuildConfiguration;
			buildSettings = {
				ASSETCATALOG_COMPILER_APPICON_NAME = AppIcon;
				INFOPLIST_FILE = HYYXMChat/Info.plist;
				IPHONEOS_DEPLOYMENT_TARGET = 9.0;
				LD_RUNPATH_SEARCH_PATHS = "$(inherited) @executable_path/Frameworks";
				PRODUCT_BUNDLE_IDENTIFIER = "com.abc-show.HYYXMChat";
				PRODUCT_NAME = "$(TARGET_NAME)";
			};
			name = Release;
		};
/* End XCBuildConfiguration section */

/* Begin XCConfigurationList section */
		AF99146C1E826523004F5A9F /* Build configuration list for PBXProject "HYYXMChat" */ = {
			isa = XCConfigurationList;
			buildConfigurations = (
				AF9914861E826523004F5A9F /* Debug */,
				AF9914871E826523004F5A9F /* Release */,
			);
			defaultConfigurationIsVisible = 0;
			defaultConfigurationName = Release;
		};
		AF9914881E826523004F5A9F /* Build configuration list for PBXNativeTarget "HYYXMChat" */ = {
			isa = XCConfigurationList;
			buildConfigurations = (
				AF9914891E826523004F5A9F /* Debug */,
				AF99148A1E826523004F5A9F /* Release */,
			);
			defaultConfigurationIsVisible = 0;
		};
/* End XCConfigurationList section */
	};
	rootObject = AF9914691E826523004F5A9F /* Project object */;
}
